
Microsoft Visual Studio Solution File, Format Version 12.00
# Visual Studio Version 16
VisualStudioVersion = 16.0.29609.76
MinimumVisualStudioVersion = 10.0.40219.1
Project("{FAE04EC0-301F-11D3-BF4B-00C04F79EFBC}") = "IECaching", "IECaching\IECaching.csproj", "{AA6D236B-3A0E-404A-9912-5DC7770BE515}"
EndProject
Global
	GlobalSection(SolutionConfigurationPlatforms) = preSolution
		Debug|Any CPU = Debug|Any CPU
		Release|Any CPU = Release|Any CPU
	EndGlobalSection
	GlobalSection(ProjectConfigurationPlatforms) = postSolution
		{AA6D236B-3A0E-404A-9912-5DC7770BE515}.Debug|Any CPU.ActiveCfg = Debug|Any CPU
		{AA6D236B-3A0E-404A-9912-5DC7770BE515}.Debug|Any CPU.Build.0 = Debug|Any CPU
		{AA6D236B-3A0E-404A-9912-5DC7770BE515}.Release|Any CPU.ActiveCfg = Release|Any CPU
		{AA6D236B-3A0E-404A-9912-5DC7770BE515}.Release|Any CPU.Build.0 = Release|Any CPU
	EndGlobalSection
	GlobalSection(SolutionProperties) = preSolution
		HideSolutionNode = FALSE
	EndGlobalSection
	GlobalSection(ExtensibilityGlobals) = postSolution
		SolutionGuid = {C77F25D3-0DDF-40C7-9659-6180210F42FE}
	EndGlobalSection
EndGlobal
